
Microsoft Visual Studio Solution File, Format Version 12.00
# Visual Studio Version 17
VisualStudioVersion = 17.11.35303.130
MinimumVisualStudioVersion = 10.0.40219.1
Project("{2150E333-8FDC-42A3-9474-1A3956D46DE8}") = "TaskManagement.API", "TaskManagement.API", "{8C23D340-CF20-4A20-B2FE-73E72F169EC9}"
EndProject
Project("{FAE04EC0-301F-11D3-BF4B-00C04F79EFBC}") = "TaskManagement.API", "Tasks.API\TaskManagement.API.csproj", "{E0778DDB-DFBE-444E-AE50-18F6A7937EEE}"
EndProject
Project("{2150E333-8FDC-42A3-9474-1A3956D46DE8}") = "TaskManagement.Application", "TaskManagement.Application", "{029E1A73-7FDC-4716-A207-8DF5ED1FA253}"
EndProject
Project("{2150E333-8FDC-42A3-9474-1A3956D46DE8}") = "TaskManagement.Infrastructure", "TaskManagement.Infrastructure", "{2CADBA76-11A0-40BF-8683-A8B221FD8525}"
EndProject
Project("{2150E333-8FDC-42A3-9474-1A3956D46DE8}") = "TaskManagement.Domain", "TaskManagement.Domain", "{E4830847-1F5B-4A90-AB35-34D490BE7AE4}"
EndProject
Project("{FAE04EC0-301F-11D3-BF4B-00C04F79EFBC}") = "TaskManagement.Application", "Tasks.Application\TaskManagement.Application.csproj", "{BE889849-73BA-490A-826F-B90758627AEA}"
EndProject
Project("{FAE04EC0-301F-11D3-BF4B-00C04F79EFBC}") = "TaskManagement.Domain", "Tasks.Domain\TaskManagement.Domain.csproj", "{DEFEA1D0-93BD-42B0-9D48-F7F79A6C4C14}"
EndProject
Project("{FAE04EC0-301F-11D3-BF4B-00C04F79EFBC}") = "TaskManagement.Infrastructure", "Tasks.Infrastructure\TaskManagement.Infrastructure.csproj", "{E0FBD349-3A88-41C9-BA04-56E0D300F2E4}"
EndProject
Project("{2150E333-8FDC-42A3-9474-1A3956D46DE8}") = "TaskManagement.Tests", "TaskManagement.Tests", "{57185BF0-3D81-4591-BC9A-CB419EC0EE45}"
EndProject
Global
	GlobalSection(SolutionConfigurationPlatforms) = preSolution
		Debug|Any CPU = Debug|Any CPU
		Release|Any CPU = Release|Any CPU
	EndGlobalSection
	GlobalSection(ProjectConfigurationPlatforms) = postSolution
		{E0778DDB-DFBE-444E-AE50-18F6A7937EEE}.Debug|Any CPU.ActiveCfg = Debug|Any CPU
		{E0778DDB-DFBE-444E-AE50-18F6A7937EEE}.Debug|Any CPU.Build.0 = Debug|Any CPU
		{E0778DDB-DFBE-444E-AE50-18F6A7937EEE}.Release|Any CPU.ActiveCfg = Release|Any CPU
		{E0778DDB-DFBE-444E-AE50-18F6A7937EEE}.Release|Any CPU.Build.0 = Release|Any CPU
		{BE889849-73BA-490A-826F-B90758627AEA}.Debug|Any CPU.ActiveCfg = Debug|Any CPU
		{BE889849-73BA-490A-826F-B90758627AEA}.Debug|Any CPU.Build.0 = Debug|Any CPU
		{BE889849-73BA-490A-826F-B90758627AEA}.Release|Any CPU.ActiveCfg = Release|Any CPU
		{BE889849-73BA-490A-826F-B90758627AEA}.Release|Any CPU.Build.0 = Release|Any CPU
		{DEFEA1D0-93BD-42B0-9D48-F7F79A6C4C14}.Debug|Any CPU.ActiveCfg = Debug|Any CPU
		{DEFEA1D0-93BD-42B0-9D48-F7F79A6C4C14}.Debug|Any CPU.Build.0 = Debug|Any CPU
		{DEFEA1D0-93BD-42B0-9D48-F7F79A6C4C14}.Release|Any CPU.ActiveCfg = Release|Any CPU
		{DEFEA1D0-93BD-42B0-9D48-F7F79A6C4C14}.Release|Any CPU.Build.0 = Release|Any CPU
		{E0FBD349-3A88-41C9-BA04-56E0D300F2E4}.Debug|Any CPU.ActiveCfg = Debug|Any CPU
		{E0FBD349-3A88-41C9-BA04-56E0D300F2E4}.Debug|Any CPU.Build.0 = Debug|Any CPU
		{E0FBD349-3A88-41C9-BA04-56E0D300F2E4}.Release|Any CPU.ActiveCfg = Release|Any CPU
		{E0FBD349-3A88-41C9-BA04-56E0D300F2E4}.Release|Any CPU.Build.0 = Release|Any CPU
	EndGlobalSection
	GlobalSection(SolutionProperties) = preSolution
		HideSolutionNode = FALSE
	EndGlobalSection
	GlobalSection(NestedProjects) = preSolution
		{E0778DDB-DFBE-444E-AE50-18F6A7937EEE} = {8C23D340-CF20-4A20-B2FE-73E72F169EC9}
		{BE889849-73BA-490A-826F-B90758627AEA} = {029E1A73-7FDC-4716-A207-8DF5ED1FA253}
		{DEFEA1D0-93BD-42B0-9D48-F7F79A6C4C14} = {E4830847-1F5B-4A90-AB35-34D490BE7AE4}
		{E0FBD349-3A88-41C9-BA04-56E0D300F2E4} = {2CADBA76-11A0-40BF-8683-A8B221FD8525}
	EndGlobalSection
	GlobalSection(ExtensibilityGlobals) = postSolution
		SolutionGuid = {D25FE9A4-DE92-4687-A1BA-0C5D4569C4CA}
	EndGlobalSection
EndGlobal
